
Microsoft Visual Studio Solution File, Format Version 12.00
# Visual Studio 14
VisualStudioVersion = 14.0.23107.0
MinimumVisualStudioVersion = 10.0.40219.1
Project("{8BC9CEB8-8B4A-11D0-8D11-00A0C91BC942}") = "Ex. 5.04", "Ex. 5.04\Ex. 5.04.vcxproj", "{7AC44D4E-B3DA-4E5C-91C2-D84B5D05ACEF}"
EndProject
Project("{F088123C-0E9E-452A-89E6-6BA2F21D5CAC}") = "ModelingProject1", "ModelingProject1\ModelingProject1.modelproj", "{9F98D7F1-008B-4767-AFAA-8023D36383C6}"
EndProject
Global
	GlobalSection(SolutionConfigurationPlatforms) = preSolution
		Debug|Any CPU = Debug|Any CPU
		Debug|x64 = Debug|x64
		Debug|x86 = Debug|x86
		Release|Any CPU = Release|Any CPU
		Release|x64 = Release|x64
		Release|x86 = Release|x86
	EndGlobalSection
	GlobalSection(ProjectConfigurationPlatforms) = postSolution
		{7AC44D4E-B3DA-4E5C-91C2-D84B5D05ACEF}.Debug|Any CPU.ActiveCfg = Debug|Win32
		{7AC44D4E-B3DA-4E5C-91C2-D84B5D05ACEF}.Debug|x64.ActiveCfg = Debug|x64
		{7AC44D4E-B3DA-4E5C-91C2-D84B5D05ACEF}.Debug|x64.Build.0 = Debug|x64
		{7AC44D4E-B3DA-4E5C-91C2-D84B5D05ACEF}.Debug|x86.ActiveCfg = Debug|Win32
		{7AC44D4E-B3DA-4E5C-91C2-D84B5D05ACEF}.Debug|x86.Build.0 = Debug|Win32
		{7AC44D4E-B3DA-4E5C-91C2-D84B5D05ACEF}.Release|Any CPU.ActiveCfg = Release|Win32
		{7AC44D4E-B3DA-4E5C-91C2-D84B5D05ACEF}.Release|x64.ActiveCfg = Release|x64
		{7AC44D4E-B3DA-4E5C-91C2-D84B5D05ACEF}.Release|x64.Build.0 = Release|x64
		{7AC44D4E-B3DA-4E5C-91C2-D84B5D05ACEF}.Release|x86.ActiveCfg = Release|Win32
		{7AC44D4E-B3DA-4E5C-91C2-D84B5D05ACEF}.Release|x86.Build.0 = Release|Win32
		{9F98D7F1-008B-4767-AFAA-8023D36383C6}.Debug|Any CPU.ActiveCfg = Debug|Any CPU
		{9F98D7F1-008B-4767-AFAA-8023D36383C6}.Debug|Any CPU.Build.0 = Debug|Any CPU
		{9F98D7F1-008B-4767-AFAA-8023D36383C6}.Debug|x64.ActiveCfg = Debug|Any CPU
		{9F98D7F1-008B-4767-AFAA-8023D36383C6}.Debug|x64.Build.0 = Debug|Any CPU
		{9F98D7F1-008B-4767-AFAA-8023D36383C6}.Debug|x86.ActiveCfg = Debug|Any CPU
		{9F98D7F1-008B-4767-AFAA-8023D36383C6}.Debug|x86.Build.0 = Debug|Any CPU
		{9F98D7F1-008B-4767-AFAA-8023D36383C6}.Release|Any CPU.ActiveCfg = Release|Any CPU
		{9F98D7F1-008B-4767-AFAA-8023D36383C6}.Release|Any CPU.Build.0 = Release|Any CPU
		{9F98D7F1-008B-4767-AFAA-8023D36383C6}.Release|x64.ActiveCfg = Release|Any CPU
		{9F98D7F1-008B-4767-AFAA-8023D36383C6}.Release|x64.Build.0 = Release|Any CPU
		{9F98D7F1-008B-4767-AFAA-8023D36383C6}.Release|x86.ActiveCfg = Release|Any CPU
		{9F98D7F1-008B-4767-AFAA-8023D36383C6}.Release|x86.Build.0 = Release|Any CPU
	EndGlobalSection
	GlobalSection(SolutionProperties) = preSolution
		HideSolutionNode = FALSE
	EndGlobalSection
EndGlobal
